// !$*UTF8*$!
{
	archiveVersion = 1;
	classes = {
	};
	objectVersion = 46;
	objects = {

/* Begin PBXBuildFile section */
		045DCA5B1DCA3EB2000E739B /* AppDelegate.swift in Sources */ = {isa = PBXBuildFile; fileRef = 045DCA5A1DCA3EB2000E739B /* AppDelegate.swift */; };
		045DCA5D1DCA3EB2000E739B /* ViewController.swift in Sources */ = {isa = PBXBuildFile; fileRef = 045DCA5C1DCA3EB2000E739B /* ViewController.swift */; };
		045DCA601DCA3EB2000E739B /* Main.storyboard in Resources */ = {isa = PBXBuildFile; fileRef = 045DCA5E1DCA3EB2000E739B /* Main.storyboard */; };
		045DCA621DCA3EB2000E739B /* Assets.xcassets in Resources */ = {isa = PBXBuildFile; fileRef = 045DCA611DCA3EB2000E739B /* Assets.xcassets */; };
		045DCA651DCA3EB2000E739B /* LaunchScreen.storyboard in Resources */ = {isa = PBXBuildFile; fileRef = 045DCA631DCA3EB2000E739B /* LaunchScreen.storyboard */; };
/* End PBXBuildFile section */

/* Begin PBXFileReference section */
		045DCA571DCA3EB2000E739B /* MeasureCameraAttitude.app */ = {isa = PBXFileReference; explicitFileType = wrapper.application; includeInIndex = 0; path = MeasureCameraAttitude.app; sourceTree = BUILT_PRODUCTS_DIR; };
		045DCA5A1DCA3EB2000E739B /* AppDelegate.swift */ = {isa = PBXFileReference; lastKnownFileType = sourcecode.swift; path = AppDelegate.swift; sourceTree = "<group>"; };
		045DCA5C1DCA3EB2000E739B /* ViewController.swift */ = {isa = PBXFileReference; lastKnownFileType = sourcecode.swift; path = ViewController.swift; sourceTree = "<group>"; };
		045DCA5F1DCA3EB2000E739B /* Base */ = {isa = PBXFileReference; lastKnownFileType = file.storyboard; name = Base; path = Base.lproj/Main.storyboard; sourceTree = "<group>"; };
		045DCA611DCA3EB2000E739B /* Assets.xcassets */ = {isa = PBXFileReference; lastKnownFileType = folder.assetcatalog; path = Assets.xcassets; sourceTree = "<group>"; };
		045DCA641DCA3EB2000E739B /* Base */ = {isa = PBXFileReference; lastKnownFileType = file.storyboard; name = Base; path = Base.lproj/LaunchScreen.storyboard; sourceTree = "<group>"; };
		045DCA661DCA3EB2000E739B /* Info.plist */ = {isa = PBXFileReference; lastKnownFileType = text.plist.xml; path = Info.plist; sourceTree = "<group>"; };
/* End PBXFileReference section */

/* Begin PBXFrameworksBuildPhase section */
		045DCA541DCA3EB2000E739B /* Frameworks */ = {
			isa = PBXFrameworksBuildPhase;
			buildActionMask = 2147483647;
			files = (
			);
			runOnlyForDeploymentPostprocessing = 0;
		};
/* End PBXFrameworksBuildPhase section */

/* Begin PBXGroup section */
		045DCA4E1DCA3EB2000E739B = {
			isa = PBXGroup;
			children = (
				045DCA591DCA3EB2000E739B /* MeasureCameraAttitude */,
				045DCA6C1DCA3EE7000E739B /* Other files */,
				045DCA581DCA3EB2000E739B /* Products */,
			);
			sourceTree = "<group>";
		};
		045DCA581DCA3EB2000E739B /* Products */ = {
			isa = PBXGroup;
			children = (
				045DCA571DCA3EB2000E739B /* MeasureCameraAttitude.app */,
			);
			name = Products;
			sourceTree = "<group>";
		};
		045DCA591DCA3EB2000E739B /* MeasureCameraAttitude */ = {
			isa = PBXGroup;
			children = (
				045DCA5C1DCA3EB2000E739B /* ViewController.swift */,
				045DCA5E1DCA3EB2000E739B /* Main.storyboard */,
			);
			path = MeasureCameraAttitude;
			sourceTree = "<group>";
		};
		045DCA6C1DCA3EE7000E739B /* Other files */ = {
			isa = PBXGroup;
			children = (
				045DCA5A1DCA3EB2000E739B /* AppDelegate.swift */,
				045DCA661DCA3EB2000E739B /* Info.plist */,
				045DCA631DCA3EB2000E739B /* LaunchScreen.storyboard */,
				045DCA611DCA3EB2000E739B /* Assets.xcassets */,
			);
			name = "Other files";
			path = MeasureCameraAttitude;
			sourceTree = "<group>";
		};
/* End PBXGroup section */

/* Begin PBXNativeTarget section */
		045DCA561DCA3EB2000E739B /* MeasureCameraAttitude */ = {
			isa = PBXNativeTarget;
			buildConfigurationList = 045DCA691DCA3EB2000E739B /* Build configuration list for PBXNativeTarget "MeasureCameraAttitude" */;
			buildPhases = (
				045DCA531DCA3EB2000E739B /* Sources */,
				045DCA541DCA3EB2000E739B /* Frameworks */,
				045DCA551DCA3EB2000E739B /* Resources */,
			);
			buildRules = (
			);
			dependencies = (
			);
			name = MeasureCameraAttitude;
			productName = MeasureCameraAttitude;
			productReference = 045DCA571DCA3EB2000E739B /* MeasureCameraAttitude.app */;
			productType = "com.apple.product-type.application";
		};
/* End PBXNativeTarget section */

/* Begin PBXProject section */
		045DCA4F1DCA3EB2000E739B /* Project object */ = {
			isa = PBXProject;
			attributes = {
				LastSwiftUpdateCheck = 0810;
				LastUpgradeCheck = 0900;
				ORGANIZATIONNAME = "Oomes Vision Systems";
				TargetAttributes = {
					045DCA561DCA3EB2000E739B = {
						CreatedOnToolsVersion = 8.1;
						DevelopmentTeam = Q9QQS9Z4Z7;
						LastSwiftMigration = 0900;
						ProvisioningStyle = Automatic;
					};
				};
			};
			buildConfigurationList = 045DCA521DCA3EB2000E739B /* Build configuration list for PBXProject "MeasureCameraAttitude" */;
			compatibilityVersion = "Xcode 3.2";
			developmentRegion = English;
			hasScannedForEncodings = 0;
			knownRegions = (
				en,
				Base,
			);
			mainGroup = 045DCA4E1DCA3EB2000E739B;
			productRefGroup = 045DCA581DCA3EB2000E739B /* Products */;
			projectDirPath = "";
			projectRoot = "";
			targets = (
				045DCA561DCA3EB2000E739B /* MeasureCameraAttitude */,
			);
		};
/* End PBXProject section */

/* Begin PBXResourcesBuildPhase section */
		045DCA551DCA3EB2000E739B /* Resources */ = {
			isa = PBXResourcesBuildPhase;
			buildActionMask = 2147483647;
			files = (
				045DCA651DCA3EB2000E739B /* LaunchScreen.storyboard in Resources */,
				045DCA621DCA3EB2000E739B /* Assets.xcassets in Resources */,
				045DCA601DCA3EB2000E739B /* Main.storyboard in Resources */,
			);
			runOnlyForDeploymentPostprocessing = 0;
		};
/* End PBXResourcesBuildPhase section */

/* Begin PBXSourcesBuildPhase section */
		045DCA531DCA3EB2000E739B /* Sources */ = {
			isa = PBXSourcesBuildPhase;
			buildActionMask = 2147483647;
			files = (
				045DCA5D1DCA3EB2000E739B /* ViewController.swift in Sources */,
				045DCA5B1DCA3EB2000E739B /* AppDelegate.swift in Sources */,
			);
			runOnlyForDeploymentPostprocessing = 0;
		};
/* End PBXSourcesBuildPhase section */

/* Begin PBXVariantGroup section */
		045DCA5E1DCA3EB2000E739B /* Main.storyboard */ = {
			isa = PBXVariantGroup;
			children = (
				045DCA5F1DCA3EB2000E739B /* Base */,
			);
			name = Main.storyboard;
			sourceTree = "<group>";
		};
		045DCA631DCA3EB2000E739B /* LaunchScreen.storyboard */ = {
			isa = PBXVariantGroup;
			children = (
				045DCA641DCA3EB2000E739B /* Base */,
			);
			name = LaunchScreen.storyboard;
			sourceTree = "<group>";
		};
/* End PBXVariantGroup section */

/* Begin XCBuildConfiguration section */
		045DCA671DCA3EB2000E739B /* Debug */ = {
			isa = XCBuildConfiguration;
			buildSettings = {
				ALWAYS_SEARCH_USER_PATHS = NO;
				CLANG_ANALYZER_NONNULL = YES;
				CLANG_CXX_LANGUAGE_STANDARD = "gnu++0x";
				CLANG_CXX_LIBRARY = "libc++";
				CLANG_ENABLE_MODULES = YES;
				CLANG_ENABLE_OBJC_ARC = YES;
				CLANG_WARN_BLOCK_CAPTURE_AUTORELEASING = YES;
				CLANG_WARN_BOOL_CONVERSION = YES;
				CLANG_WARN_COMMA = YES;
				CLANG_WARN_CONSTANT_CONVERSION = YES;
				CLANG_WARN_DIRECT_OBJC_ISA_USAGE = YES_ERROR;
				CLANG_WARN_DOCUMENTATION_COMMENTS = YES;
				CLANG_WARN_EMPTY_BODY = YES;
				CLANG_WARN_ENUM_CONVERSION = YES;
				CLANG_WARN_INFINITE_RECURSION = YES;
				CLANG_WARN_INT_CONVERSION = YES;
				CLANG_WARN_NON_LITERAL_NULL_CONVERSION = YES;
				CLANG_WARN_OBJC_LITERAL_CONVERSION = YES;
				CLANG_WARN_OBJC_ROOT_CLASS = YES_ERROR;
				CLANG_WARN_RANGE_LOOP_ANALYSIS = YES;
				CLANG_WARN_STRICT_PROTOTYPES = YES;
				CLANG_WARN_SUSPICIOUS_MOVE = YES;
				CLANG_WARN_SUSPICIOUS_MOVES = YES;
				CLANG_WARN_UNREACHABLE_CODE = YES;
				CLANG_WARN__DUPLICATE_METHOD_MATCH = YES;
				"CODE_SIGN_IDENTITY[sdk=iphoneos*]" = "iPhone Developer";
				COPY_PHASE_STRIP = NO;
				DEBUG_INFORMATION_FORMAT = dwarf;
				ENABLE_STRICT_OBJC_MSGSEND = YES;
				ENABLE_TESTABILITY = YES;
				GCC_C_LANGUAGE_STANDARD = gnu99;
				GCC_DYNAMIC_NO_PIC = NO;
				GCC_NO_COMMON_BLOCKS = YES;
				GCC_OPTIMIZATION_LEVEL = 0;
				GCC_PREPROCESSOR_DEFINITIONS = (
					"DEBUG=1",
					"$(inherited)",
				);
				GCC_WARN_64_TO_32_BIT_CONVERSION = YES;
				GCC_WARN_ABOUT_RETURN_TYPE = YES_ERROR;
				GCC_WARN_UNDECLARED_SELECTOR = YES;
				GCC_WARN_UNINITIALIZED_AUTOS = YES_AGGRESSIVE;
				GCC_WARN_UNUSED_FUNCTION = YES;
				GCC_WARN_UNUSED_VARIABLE = YES;
				IPHONEOS_DEPLOYMENT_TARGET = 11.0;
				MTL_ENABLE_DEBUG_INFO = YES;
				ONLY_ACTIVE_ARCH = YES;
				SDKROOT = iphoneos;
				SWIFT_ACTIVE_COMPILATION_CONDITIONS = DEBUG;
				SWIFT_OPTIMIZATION_LEVEL = "-Onone";
				TARGETED_DEVICE_FAMILY = 2;
			};
			name = Debug;
		};
		045DCA681DCA3EB2000E739B /* Release */ = {
			isa = XCBuildConfiguration;
			buildSettings = {
				ALWAYS_SEARCH_USER_PATHS = NO;
				CLANG_ANALYZER_NONNULL = YES;
				CLANG_CXX_LANGUAGE_STANDARD = "gnu++0x";
				CLANG_CXX_LIBRARY = "libc++";
				CLANG_ENABLE_MODULES = YES;
				CLANG_ENABLE_OBJC_ARC = YES;
				CLANG_WARN_BLOCK_CAPTURE_AUTORELEASING = YES;
				CLANG_WARN_BOOL_CONVERSION = YES;
				CLANG_WARN_COMMA = YES;
				CLANG_WARN_CONSTANT_CONVERSION = YES;
				CLANG_WARN_DIRECT_OBJC_ISA_USAGE = YES_ERROR;
				CLANG_WARN_DOCUMENTATION_COMMENTS = YES;
				CLANG_WARN_EMPTY_BODY = YES;
				CLANG_WARN_ENUM_CONVERSION = YES;
				CLANG_WARN_INFINITE_RECURSION = YES;
				CLANG_WARN_INT_CONVERSION = YES;
				CLANG_WARN_NON_LITERAL_NULL_CONVERSION = YES;
				CLANG_WARN_OBJC_LITERAL_CONVERSION = YES;
				CLANG_WARN_OBJC_ROOT_CLASS = YES_ERROR;
				CLANG_WARN_RANGE_LOOP_ANALYSIS = YES;
				CLANG_WARN_STRICT_PROTOTYPES = YES;
				CLANG_WARN_SUSPICIOUS_MOVE = YES;
				CLANG_WARN_SUSPICIOUS_MOVES = YES;
				CLANG_WARN_UNREACHABLE_CODE = YES;
				CLANG_WARN__DUPLICATE_METHOD_MATCH = YES;
				"CODE_SIGN_IDENTITY[sdk=iphoneos*]" = "iPhone Developer";
				COPY_PHASE_STRIP = NO;
				DEBUG_INFORMATION_FORMAT = "dwarf-with-dsym";
				ENABLE_NS_ASSERTIONS = NO;
				ENABLE_STRICT_OBJC_MSGSEND = YES;
				GCC_C_LANGUAGE_STANDARD = gnu99;
				GCC_NO_COMMON_BLOCKS = YES;
				GCC_WARN_64_TO_32_BIT_CONVERSION = YES;
				GCC_WARN_ABOUT_RETURN_TYPE = YES_ERROR;
				GCC_WARN_UNDECLARED_SELECTOR = YES;
				GCC_WARN_UNINITIALIZED_AUTOS = YES_AGGRESSIVE;
				GCC_WARN_UNUSED_FUNCTION = YES;
				GCC_WARN_UNUSED_VARIABLE = YES;
				IPHONEOS_DEPLOYMENT_TARGET = 11.0;
				MTL_ENABLE_DEBUG_INFO = NO;
				SDKROOT = iphoneos;
				SWIFT_OPTIMIZATION_LEVEL = "-Owholemodule";
				TARGETED_DEVICE_FAMILY = 2;
				VALIDATE_PRODUCT = YES;
			};
			name = Release;
		};
		045DCA6A1DCA3EB2000E739B /* Debug */ = {
			isa = XCBuildConfiguration;
			buildSettings = {
				ASSETCATALOG_COMPILER_APPICON_NAME = AppIcon;
				DEVELOPMENT_TEAM = Q9QQS9Z4Z7;
				INFOPLIST_FILE = MeasureCameraAttitude/Info.plist;
				LD_RUNPATH_SEARCH_PATHS = "$(inherited) @executable_path/Frameworks";
				PRODUCT_BUNDLE_IDENTIFIER = com.oomesvisionsystems.MeasureCameraAttitude;
				PRODUCT_NAME = "$(TARGET_NAME)";
				SWIFT_SWIFT3_OBJC_INFERENCE = On;
				SWIFT_VERSION = 4.0;
			};
			name = Debug;
		};
		045DCA6B1DCA3EB2000E739B /* Release */ = {
			isa = XCBuildConfiguration;
			buildSettings = {
				ASSETCATALOG_COMPILER_APPICON_NAME = AppIcon;
				DEVELOPMENT_TEAM = Q9QQS9Z4Z7;
				INFOPLIST_FILE = MeasureCameraAttitude/Info.plist;
				LD_RUNPATH_SEARCH_PATHS = "$(inherited) @executable_path/Frameworks";
				PRODUCT_BUNDLE_IDENTIFIER = com.oomesvisionsystems.MeasureCameraAttitude;
				PRODUCT_NAME = "$(TARGET_NAME)";
				SWIFT_SWIFT3_OBJC_INFERENCE = On;
				SWIFT_VERSION = 4.0;
			};
			name = Release;
		};
/* End XCBuildConfiguration section */

/* Begin XCConfigurationList section */
		045DCA521DCA3EB2000E739B /* Build configuration list for PBXProject "MeasureCameraAttitude" */ = {
			isa = XCConfigurationList;
			buildConfigurations = (
				045DCA671DCA3EB2000E739B /* Debug */,
				045DCA681DCA3EB2000E739B /* Release */,
			);
			defaultConfigurationIsVisible = 0;
			defaultConfigurationName = Release;
		};
		045DCA691DCA3EB2000E739B /* Build configuration list for PBXNativeTarget "MeasureCameraAttitude" */ = {
			isa = XCConfigurationList;
			buildConfigurations = (
				045DCA6A1DCA3EB2000E739B /* Debug */,
				045DCA6B1DCA3EB2000E739B /* Release */,
			);
			defaultConfigurationIsVisible = 0;
			defaultConfigurationName = Release;
		};
/* End XCConfigurationList section */
	};
	rootObject = 045DCA4F1DCA3EB2000E739B /* Project object */;
}
